// !$*UTF8*$!
{
	archiveVersion = 1;
	classes = {
	};
	objectVersion = 50;
	objects = {

/* Begin PBXBuildFile section */
		623AEA3925824B3E00A51C86 /* PlayerInfoInputViewController.swift in Sources */ = {isa = PBXBuildFile; fileRef = 623AEA3825824B3E00A51C86 /* PlayerInfoInputViewController.swift */; };
		623AEA3C25824CBA00A51C86 /* ChoseCaouseViewController.swift in Sources */ = {isa = PBXBuildFile; fileRef = 623AEA3B25824CBA00A51C86 /* ChoseCaouseViewController.swift */; };
		623AEA3F25824FD100A51C86 /* player.swift in Sources */ = {isa = PBXBuildFile; fileRef = 623AEA3E25824FD100A51C86 /* player.swift */; };
		623AEA422582506E00A51C86 /* playingRecord.swift in Sources */ = {isa = PBXBuildFile; fileRef = 623AEA412582506E00A51C86 /* playingRecord.swift */; };
		6243BEC7257C03F1001A2225 /* 4x5CardsGameViewController.swift in Sources */ = {isa = PBXBuildFile; fileRef = 6243BEC6257C03F1001A2225 /* 4x5CardsGameViewController.swift */; };
		629E50E225AF3CB40038D258 /* Fumctions.swift in Sources */ = {isa = PBXBuildFile; fileRef = 629E50E125AF3CB40038D258 /* Fumctions.swift */; };
		62CBD52C257BD5CB00A3C7F6 /* AppDelegate.swift in Sources */ = {isa = PBXBuildFile; fileRef = 62CBD52B257BD5CB00A3C7F6 /* AppDelegate.swift */; };
		62CBD52E257BD5CB00A3C7F6 /* SceneDelegate.swift in Sources */ = {isa = PBXBuildFile; fileRef = 62CBD52D257BD5CB00A3C7F6 /* SceneDelegate.swift */; };
		62CBD530257BD5CB00A3C7F6 /* ViewController.swift in Sources */ = {isa = PBXBuildFile; fileRef = 62CBD52F257BD5CB00A3C7F6 /* ViewController.swift */; };
		62CBD533257BD5CB00A3C7F6 /* Main.storyboard in Resources */ = {isa = PBXBuildFile; fileRef = 62CBD531257BD5CB00A3C7F6 /* Main.storyboard */; };
		62CBD535257BD5CC00A3C7F6 /* Assets.xcassets in Resources */ = {isa = PBXBuildFile; fileRef = 62CBD534257BD5CC00A3C7F6 /* Assets.xcassets */; };
		62CBD538257BD5CC00A3C7F6 /* LaunchScreen.storyboard in Resources */ = {isa = PBXBuildFile; fileRef = 62CBD536257BD5CC00A3C7F6 /* LaunchScreen.storyboard */; };
		62CBD544257BDA4200A3C7F6 /* Card.swift in Sources */ = {isa = PBXBuildFile; fileRef = 62CBD543257BDA4200A3C7F6 /* Card.swift */; };
/* End PBXBuildFile section */

/* Begin PBXFileReference section */
		623AEA3825824B3E00A51C86 /* PlayerInfoInputViewController.swift */ = {isa = PBXFileReference; lastKnownFileType = sourcecode.swift; path = PlayerInfoInputViewController.swift; sourceTree = "<group>"; };
		623AEA3B25824CBA00A51C86 /* ChoseCaouseViewController.swift */ = {isa = PBXFileReference; lastKnownFileType = sourcecode.swift; path = ChoseCaouseViewController.swift; sourceTree = "<group>"; };
		623AEA3E25824FD100A51C86 /* player.swift */ = {isa = PBXFileReference; lastKnownFileType = sourcecode.swift; path = player.swift; sourceTree = "<group>"; };
		623AEA412582506E00A51C86 /* playingRecord.swift */ = {isa = PBXFileReference; lastKnownFileType = sourcecode.swift; path = playingRecord.swift; sourceTree = "<group>"; };
		6243BEC6257C03F1001A2225 /* 4x5CardsGameViewController.swift */ = {isa = PBXFileReference; lastKnownFileType = sourcecode.swift; path = 4x5CardsGameViewController.swift; sourceTree = "<group>"; };
		629E50E125AF3CB40038D258 /* Fumctions.swift */ = {isa = PBXFileReference; lastKnownFileType = sourcecode.swift; path = Fumctions.swift; sourceTree = "<group>"; };
		62CBD528257BD5CB00A3C7F6 /* Colors.app */ = {isa = PBXFileReference; explicitFileType = wrapper.application; includeInIndex = 0; path = Colors.app; sourceTree = BUILT_PRODUCTS_DIR; };
		62CBD52B257BD5CB00A3C7F6 /* AppDelegate.swift */ = {isa = PBXFileReference; lastKnownFileType = sourcecode.swift; path = AppDelegate.swift; sourceTree = "<group>"; };
		62CBD52D257BD5CB00A3C7F6 /* SceneDelegate.swift */ = {isa = PBXFileReference; lastKnownFileType = sourcecode.swift; path = SceneDelegate.swift; sourceTree = "<group>"; };
		62CBD52F257BD5CB00A3C7F6 /* ViewController.swift */ = {isa = PBXFileReference; lastKnownFileType = sourcecode.swift; path = ViewController.swift; sourceTree = "<group>"; };
		62CBD532257BD5CB00A3C7F6 /* Base */ = {isa = PBXFileReference; lastKnownFileType = file.storyboard; name = Base; path = Base.lproj/Main.storyboard; sourceTree = "<group>"; };
		62CBD534257BD5CC00A3C7F6 /* Assets.xcassets */ = {isa = PBXFileReference; lastKnownFileType = folder.assetcatalog; path = Assets.xcassets; sourceTree = "<group>"; };
		62CBD537257BD5CC00A3C7F6 /* Base */ = {isa = PBXFileReference; lastKnownFileType = file.storyboard; name = Base; path = Base.lproj/LaunchScreen.storyboard; sourceTree = "<group>"; };
		62CBD539257BD5CC00A3C7F6 /* Info.plist */ = {isa = PBXFileReference; lastKnownFileType = text.plist.xml; path = Info.plist; sourceTree = "<group>"; };
		62CBD543257BDA4200A3C7F6 /* Card.swift */ = {isa = PBXFileReference; lastKnownFileType = sourcecode.swift; path = Card.swift; sourceTree = "<group>"; };
/* End PBXFileReference section */

/* Begin PBXFrameworksBuildPhase section */
		62CBD525257BD5CB00A3C7F6 /* Frameworks */ = {
			isa = PBXFrameworksBuildPhase;
			buildActionMask = 2147483647;
			files = (
			);
			runOnlyForDeploymentPostprocessing = 0;
		};
/* End PBXFrameworksBuildPhase section */

/* Begin PBXGroup section */
		62CBD51F257BD5CB00A3C7F6 = {
			isa = PBXGroup;
			children = (
				62CBD52A257BD5CB00A3C7F6 /* Colors */,
				62CBD529257BD5CB00A3C7F6 /* Products */,
			);
			sourceTree = "<group>";
		};
		62CBD529257BD5CB00A3C7F6 /* Products */ = {
			isa = PBXGroup;
			children = (
				62CBD528257BD5CB00A3C7F6 /* Colors.app */,
			);
			name = Products;
			sourceTree = "<group>";
		};
		62CBD52A257BD5CB00A3C7F6 /* Colors */ = {
			isa = PBXGroup;
			children = (
				62CBD52B257BD5CB00A3C7F6 /* AppDelegate.swift */,
				62CBD52D257BD5CB00A3C7F6 /* SceneDelegate.swift */,
				62CBD52F257BD5CB00A3C7F6 /* ViewController.swift */,
				62CBD531257BD5CB00A3C7F6 /* Main.storyboard */,
				623AEA3B25824CBA00A51C86 /* ChoseCaouseViewController.swift */,
				623AEA3825824B3E00A51C86 /* PlayerInfoInputViewController.swift */,
				623AEA3E25824FD100A51C86 /* player.swift */,
				623AEA412582506E00A51C86 /* playingRecord.swift */,
				6243BEC6257C03F1001A2225 /* 4x5CardsGameViewController.swift */,
				629E50E125AF3CB40038D258 /* Fumctions.swift */,
				62CBD543257BDA4200A3C7F6 /* Card.swift */,
				62CBD534257BD5CC00A3C7F6 /* Assets.xcassets */,
				62CBD536257BD5CC00A3C7F6 /* LaunchScreen.storyboard */,
				62CBD539257BD5CC00A3C7F6 /* Info.plist */,
			);
			path = Colors;
			sourceTree = "<group>";
		};
/* End PBXGroup section */

/* Begin PBXNativeTarget section */
		62CBD527257BD5CB00A3C7F6 /* Colors */ = {
			isa = PBXNativeTarget;
			buildConfigurationList = 62CBD53C257BD5CC00A3C7F6 /* Build configuration list for PBXNativeTarget "Colors" */;
			buildPhases = (
				62CBD524257BD5CB00A3C7F6 /* Sources */,
				62CBD525257BD5CB00A3C7F6 /* Frameworks */,
				62CBD526257BD5CB00A3C7F6 /* Resources */,
			);
			buildRules = (
			);
			dependencies = (
			);
			name = Colors;
			productName = Colors;
			productReference = 62CBD528257BD5CB00A3C7F6 /* Colors.app */;
			productType = "com.apple.product-type.application";
		};
/* End PBXNativeTarget section */

/* Begin PBXProject section */
		62CBD520257BD5CB00A3C7F6 /* Project object */ = {
			isa = PBXProject;
			attributes = {
				LastSwiftUpdateCheck = 1220;
				LastUpgradeCheck = 1220;
				TargetAttributes = {
					62CBD527257BD5CB00A3C7F6 = {
						CreatedOnToolsVersion = 12.2;
					};
				};
			};
			buildConfigurationList = 62CBD523257BD5CB00A3C7F6 /* Build configuration list for PBXProject "Colors" */;
			compatibilityVersion = "Xcode 9.3";
			developmentRegion = en;
			hasScannedForEncodings = 0;
			knownRegions = (
				en,
				Base,
			);
			mainGroup = 62CBD51F257BD5CB00A3C7F6;
			productRefGroup = 62CBD529257BD5CB00A3C7F6 /* Products */;
			projectDirPath = "";
			projectRoot = "";
			targets = (
				62CBD527257BD5CB00A3C7F6 /* Colors */,
			);
		};
/* End PBXProject section */

/* Begin PBXResourcesBuildPhase section */
		62CBD526257BD5CB00A3C7F6 /* Resources */ = {
			isa = PBXResourcesBuildPhase;
			buildActionMask = 2147483647;
			files = (
				62CBD538257BD5CC00A3C7F6 /* LaunchScreen.storyboard in Resources */,
				62CBD535257BD5CC00A3C7F6 /* Assets.xcassets in Resources */,
				62CBD533257BD5CB00A3C7F6 /* Main.storyboard in Resources */,
			);
			runOnlyForDeploymentPostprocessing = 0;
		};
/* End PBXResourcesBuildPhase section */

/* Begin PBXSourcesBuildPhase section */
		62CBD524257BD5CB00A3C7F6 /* Sources */ = {
			isa = PBXSourcesBuildPhase;
			buildActionMask = 2147483647;
			files = (
				62CBD530257BD5CB00A3C7F6 /* ViewController.swift in Sources */,
				6243BEC7257C03F1001A2225 /* 4x5CardsGameViewController.swift in Sources */,
				629E50E225AF3CB40038D258 /* Fumctions.swift in Sources */,
				623AEA422582506E00A51C86 /* playingRecord.swift in Sources */,
				62CBD52C257BD5CB00A3C7F6 /* AppDelegate.swift in Sources */,
				623AEA3C25824CBA00A51C86 /* ChoseCaouseViewController.swift in Sources */,
				623AEA3F25824FD100A51C86 /* player.swift in Sources */,
				62CBD544257BDA4200A3C7F6 /* Card.swift in Sources */,
				623AEA3925824B3E00A51C86 /* PlayerInfoInputViewController.swift in Sources */,
				62CBD52E257BD5CB00A3C7F6 /* SceneDelegate.swift in Sources */,
			);
			runOnlyForDeploymentPostprocessing = 0;
		};
/* End PBXSourcesBuildPhase section */

/* Begin PBXVariantGroup section */
		62CBD531257BD5CB00A3C7F6 /* Main.storyboard */ = {
			isa = PBXVariantGroup;
			children = (
				62CBD532257BD5CB00A3C7F6 /* Base */,
			);
			name = Main.storyboard;
			sourceTree = "<group>";
		};
		62CBD536257BD5CC00A3C7F6 /* LaunchScreen.storyboard */ = {
			isa = PBXVariantGroup;
			children = (
				62CBD537257BD5CC00A3C7F6 /* Base */,
			);
			name = LaunchScreen.storyboard;
			sourceTree = "<group>";
		};
/* End PBXVariantGroup section */

/* Begin XCBuildConfiguration section */
		62CBD53A257BD5CC00A3C7F6 /* Debug */ = {
			isa = XCBuildConfiguration;
			buildSettings = {
				ALWAYS_SEARCH_USER_PATHS = NO;
				CLANG_ANALYZER_NONNULL = YES;
				CLANG_ANALYZER_NUMBER_OBJECT_CONVERSION = YES_AGGRESSIVE;
				CLANG_CXX_LANGUAGE_STANDARD = "gnu++14";
				CLANG_CXX_LIBRARY = "libc++";
				CLANG_ENABLE_MODULES = YES;
				CLANG_ENABLE_OBJC_ARC = YES;
				CLANG_ENABLE_OBJC_WEAK = YES;
				CLANG_WARN_BLOCK_CAPTURE_AUTORELEASING = YES;
				CLANG_WARN_BOOL_CONVERSION = YES;
				CLANG_WARN_COMMA = YES;
				CLANG_WARN_CONSTANT_CONVERSION = YES;
				CLANG_WARN_DEPRECATED_OBJC_IMPLEMENTATIONS = YES;
				CLANG_WARN_DIRECT_OBJC_ISA_USAGE = YES_ERROR;
				CLANG_WARN_DOCUMENTATION_COMMENTS = YES;
				CLANG_WARN_EMPTY_BODY = YES;
				CLANG_WARN_ENUM_CONVERSION = YES;
				CLANG_WARN_INFINITE_RECURSION = YES;
				CLANG_WARN_INT_CONVERSION = YES;
				CLANG_WARN_NON_LITERAL_NULL_CONVERSION = YES;
				CLANG_WARN_OBJC_IMPLICIT_RETAIN_SELF = YES;
				CLANG_WARN_OBJC_LITERAL_CONVERSION = YES;
				CLANG_WARN_OBJC_ROOT_CLASS = YES_ERROR;
				CLANG_WARN_QUOTED_INCLUDE_IN_FRAMEWORK_HEADER = YES;
				CLANG_WARN_RANGE_LOOP_ANALYSIS = YES;
				CLANG_WARN_STRICT_PROTOTYPES = YES;
				CLANG_WARN_SUSPICIOUS_MOVE = YES;
				CLANG_WARN_UNGUARDED_AVAILABILITY = YES_AGGRESSIVE;
				CLANG_WARN_UNREACHABLE_CODE = YES;
				CLANG_WARN__DUPLICATE_METHOD_MATCH = YES;
				COPY_PHASE_STRIP = NO;
				DEBUG_INFORMATION_FORMAT = dwarf;
				ENABLE_STRICT_OBJC_MSGSEND = YES;
				ENABLE_TESTABILITY = YES;
				GCC_C_LANGUAGE_STANDARD = gnu11;
				GCC_DYNAMIC_NO_PIC = NO;
				GCC_NO_COMMON_BLOCKS = YES;
				GCC_OPTIMIZATION_LEVEL = 0;
				GCC_PREPROCESSOR_DEFINITIONS = (
					"DEBUG=1",
					"$(inherited)",
				);
				GCC_WARN_64_TO_32_BIT_CONVERSION = YES;
				GCC_WARN_ABOUT_RETURN_TYPE = YES_ERROR;
				GCC_WARN_UNDECLARED_SELECTOR = YES;
				GCC_WARN_UNINITIALIZED_AUTOS = YES_AGGRESSIVE;
				GCC_WARN_UNUSED_FUNCTION = YES;
				GCC_WARN_UNUSED_VARIABLE = YES;
				IPHONEOS_DEPLOYMENT_TARGET = 14.2;
				MTL_ENABLE_DEBUG_INFO = INCLUDE_SOURCE;
				MTL_FAST_MATH = YES;
				ONLY_ACTIVE_ARCH = YES;
				SDKROOT = iphoneos;
				SWIFT_ACTIVE_COMPILATION_CONDITIONS = DEBUG;
				SWIFT_OPTIMIZATION_LEVEL = "-Onone";
			};
			name = Debug;
		};
		62CBD53B257BD5CC00A3C7F6 /* Release */ = {
			isa = XCBuildConfiguration;
			buildSettings = {
				ALWAYS_SEARCH_USER_PATHS = NO;
				CLANG_ANALYZER_NONNULL = YES;
				CLANG_ANALYZER_NUMBER_OBJECT_CONVERSION = YES_AGGRESSIVE;
				CLANG_CXX_LANGUAGE_STANDARD = "gnu++14";
				CLANG_CXX_LIBRARY = "libc++";
				CLANG_ENABLE_MODULES = YES;
				CLANG_ENABLE_OBJC_ARC = YES;
				CLANG_ENABLE_OBJC_WEAK = YES;
				CLANG_WARN_BLOCK_CAPTURE_AUTORELEASING = YES;
				CLANG_WARN_BOOL_CONVERSION = YES;
				CLANG_WARN_COMMA = YES;
				CLANG_WARN_CONSTANT_CONVERSION = YES;
				CLANG_WARN_DEPRECATED_OBJC_IMPLEMENTATIONS = YES;
				CLANG_WARN_DIRECT_OBJC_ISA_USAGE = YES_ERROR;
				CLANG_WARN_DOCUMENTATION_COMMENTS = YES;
				CLANG_WARN_EMPTY_BODY = YES;
				CLANG_WARN_ENUM_CONVERSION = YES;
				CLANG_WARN_INFINITE_RECURSION = YES;
				CLANG_WARN_INT_CONVERSION = YES;
				CLANG_WARN_NON_LITERAL_NULL_CONVERSION = YES;
				CLANG_WARN_OBJC_IMPLICIT_RETAIN_SELF = YES;
				CLANG_WARN_OBJC_LITERAL_CONVERSION = YES;
				CLANG_WARN_OBJC_ROOT_CLASS = YES_ERROR;
				CLANG_WARN_QUOTED_INCLUDE_IN_FRAMEWORK_HEADER = YES;
				CLANG_WARN_RANGE_LOOP_ANALYSIS = YES;
				CLANG_WARN_STRICT_PROTOTYPES = YES;
				CLANG_WARN_SUSPICIOUS_MOVE = YES;
				CLANG_WARN_UNGUARDED_AVAILABILITY = YES_AGGRESSIVE;
				CLANG_WARN_UNREACHABLE_CODE = YES;
				CLANG_WARN__DUPLICATE_METHOD_MATCH = YES;
				COPY_PHASE_STRIP = NO;
				DEBUG_INFORMATION_FORMAT = "dwarf-with-dsym";
				ENABLE_NS_ASSERTIONS = NO;
				ENABLE_STRICT_OBJC_MSGSEND = YES;
				GCC_C_LANGUAGE_STANDARD = gnu11;
				GCC_NO_COMMON_BLOCKS = YES;
				GCC_WARN_64_TO_32_BIT_CONVERSION = YES;
				GCC_WARN_ABOUT_RETURN_TYPE = YES_ERROR;
				GCC_WARN_UNDECLARED_SELECTOR = YES;
				GCC_WARN_UNINITIALIZED_AUTOS = YES_AGGRESSIVE;
				GCC_WARN_UNUSED_FUNCTION = YES;
				GCC_WARN_UNUSED_VARIABLE = YES;
				IPHONEOS_DEPLOYMENT_TARGET = 14.2;
				MTL_ENABLE_DEBUG_INFO = NO;
				MTL_FAST_MATH = YES;
				SDKROOT = iphoneos;
				SWIFT_COMPILATION_MODE = wholemodule;
				SWIFT_OPTIMIZATION_LEVEL = "-O";
				VALIDATE_PRODUCT = YES;
			};
			name = Release;
		};
		62CBD53D257BD5CC00A3C7F6 /* Debug */ = {
			isa = XCBuildConfiguration;
			buildSettings = {
				ASSETCATALOG_COMPILER_APPICON_NAME = AppIcon;
				ASSETCATALOG_COMPILER_GLOBAL_ACCENT_COLOR_NAME = AccentColor;
				CODE_SIGN_STYLE = Automatic;
				DEVELOPMENT_TEAM = 94F23Z62YB;
				INFOPLIST_FILE = Colors/Info.plist;
				LD_RUNPATH_SEARCH_PATHS = (
					"$(inherited)",
					"@executable_path/Frameworks",
				);
				PRODUCT_BUNDLE_IDENTIFIER = yulin.com.Colors;
				PRODUCT_NAME = "$(TARGET_NAME)";
				SWIFT_VERSION = 5.0;
				TARGETED_DEVICE_FAMILY = "1,2";
			};
			name = Debug;
		};
		62CBD53E257BD5CC00A3C7F6 /* Release */ = {
			isa = XCBuildConfiguration;
			buildSettings = {
				ASSETCATALOG_COMPILER_APPICON_NAME = AppIcon;
				ASSETCATALOG_COMPILER_GLOBAL_ACCENT_COLOR_NAME = AccentColor;
				CODE_SIGN_STYLE = Automatic;
				DEVELOPMENT_TEAM = 94F23Z62YB;
				INFOPLIST_FILE = Colors/Info.plist;
				LD_RUNPATH_SEARCH_PATHS = (
					"$(inherited)",
					"@executable_path/Frameworks",
				);
				PRODUCT_BUNDLE_IDENTIFIER = yulin.com.Colors;
				PRODUCT_NAME = "$(TARGET_NAME)";
				SWIFT_VERSION = 5.0;
				TARGETED_DEVICE_FAMILY = "1,2";
			};
			name = Release;
		};
/* End XCBuildConfiguration section */

/* Begin XCConfigurationList section */
		62CBD523257BD5CB00A3C7F6 /* Build configuration list for PBXProject "Colors" */ = {
			isa = XCConfigurationList;
			buildConfigurations = (
				62CBD53A257BD5CC00A3C7F6 /* Debug */,
				62CBD53B257BD5CC00A3C7F6 /* Release */,
			);
			defaultConfigurationIsVisible = 0;
			defaultConfigurationName = Release;
		};
		62CBD53C257BD5CC00A3C7F6 /* Build configuration list for PBXNativeTarget "Colors" */ = {
			isa = XCConfigurationList;
			buildConfigurations = (
				62CBD53D257BD5CC00A3C7F6 /* Debug */,
				62CBD53E257BD5CC00A3C7F6 /* Release */,
			);
			defaultConfigurationIsVisible = 0;
			defaultConfigurationName = Release;
		};
/* End XCConfigurationList section */
	};
	rootObject = 62CBD520257BD5CB00A3C7F6 /* Project object */;
}
